PODS:
  - Alamofire (4.2.0)
  - SwiftyJSON (3.1.1)

DEPENDENCIES:
  - Alamofire (~> 4.0)
  - SwiftyJSON (= 3.1.1)

SPEC CHECKSUMS:
  Alamofire: aa2e09d871c9160ac53c90e83c68064a94e3dfbe
  SwiftyJSON: f0be2e604f83e8405a624e9f891898bf6ed4e019

PODFILE CHECKSUM: 2910bb925411fb48082ecc3e7227327c5829bbd2

COCOAPODS: 1.1.0.rc.2
